
Microsoft Visual Studio Solution File, Format Version 12.00
# Visual Studio Version 17
VisualStudioVersion = 17.3.32929.385
MinimumVisualStudioVersion = 10.0.40219.1
Project("{FAE04EC0-301F-11D3-BF4B-00C04F79EFBC}") = "LearningGit", "LearningGit.csproj", "{B9552C14-8194-4B5D-8EDC-F4FC77750355}"
EndProject
Global
	GlobalSection(SolutionConfigurationPlatforms) = preSolution
		Debug|Any CPU = Debug|Any CPU
		Release|Any CPU = Release|Any CPU
	EndGlobalSection
	GlobalSection(ProjectConfigurationPlatforms) = postSolution
		{B9552C14-8194-4B5D-8EDC-F4FC77750355}.Debug|Any CPU.ActiveCfg = Debug|Any CPU
		{B9552C14-8194-4B5D-8EDC-F4FC77750355}.Debug|Any CPU.Build.0 = Debug|Any CPU
		{B9552C14-8194-4B5D-8EDC-F4FC77750355}.Release|Any CPU.ActiveCfg = Release|Any CPU
		{B9552C14-8194-4B5D-8EDC-F4FC77750355}.Release|Any CPU.Build.0 = Release|Any CPU
	EndGlobalSection
	GlobalSection(SolutionProperties) = preSolution
		HideSolutionNode = FALSE
	EndGlobalSection
	GlobalSection(ExtensibilityGlobals) = postSolution
		SolutionGuid = {10BCAC20-6C63-491F-8C8D-ED2ECB1E10F2}
	EndGlobalSection
EndGlobal
